// !$*UTF8*$!
{
	archiveVersion = 1;
	classes = {
	};
	objectVersion = 46;
	objects = {

/* Begin PBXBuildFile section */
		D130DDF91ED56442009521BA /* MainUpdateUIVC.m in Sources */ = {isa = PBXBuildFile; fileRef = D130DDF81ED56442009521BA /* MainUpdateUIVC.m */; };
		D130DDFC1ED56743009521BA /* BarrierAsyncVC.m in Sources */ = {isa = PBXBuildFile; fileRef = D130DDFB1ED56743009521BA /* BarrierAsyncVC.m */; };
		D130DDFF1ED57E55009521BA /* AfterTimeVC.m in Sources */ = {isa = PBXBuildFile; fileRef = D130DDFE1ED57E55009521BA /* AfterTimeVC.m */; };
		D130DE021ED5813C009521BA /* OnceVC.m in Sources */ = {isa = PBXBuildFile; fileRef = D130DE011ED5813C009521BA /* OnceVC.m */; };
		D130DE051ED58459009521BA /* ApplyVC.m in Sources */ = {isa = PBXBuildFile; fileRef = D130DE041ED58459009521BA /* ApplyVC.m */; };
		D130DE081ED593F6009521BA /* GroupVC.m in Sources */ = {isa = PBXBuildFile; fileRef = D130DE071ED593F6009521BA /* GroupVC.m */; };
		D161A7D21ED40CF400C9BC39 /* main.m in Sources */ = {isa = PBXBuildFile; fileRef = D161A7D11ED40CF400C9BC39 /* main.m */; };
		D161A7D51ED40CF400C9BC39 /* AppDelegate.m in Sources */ = {isa = PBXBuildFile; fileRef = D161A7D41ED40CF400C9BC39 /* AppDelegate.m */; };
		D161A7D81ED40CF400C9BC39 /* ViewController.m in Sources */ = {isa = PBXBuildFile; fileRef = D161A7D71ED40CF400C9BC39 /* ViewController.m */; };
		D161A7DB1ED40CF400C9BC39 /* Main.storyboard in Resources */ = {isa = PBXBuildFile; fileRef = D161A7D91ED40CF400C9BC39 /* Main.storyboard */; };
		D161A7DD1ED40CF400C9BC39 /* Assets.xcassets in Resources */ = {isa = PBXBuildFile; fileRef = D161A7DC1ED40CF400C9BC39 /* Assets.xcassets */; };
		D161A7E01ED40CF400C9BC39 /* LaunchScreen.storyboard in Resources */ = {isa = PBXBuildFile; fileRef = D161A7DE1ED40CF400C9BC39 /* LaunchScreen.storyboard */; };
		D161A7E91ED4186D00C9BC39 /* BaseViewController.m in Sources */ = {isa = PBXBuildFile; fileRef = D161A7E81ED4186D00C9BC39 /* BaseViewController.m */; };
		D161A7ED1ED41A0F00C9BC39 /* SerialSyncVC.m in Sources */ = {isa = PBXBuildFile; fileRef = D161A7EC1ED41A0F00C9BC39 /* SerialSyncVC.m */; };
		D161A7F01ED41A1D00C9BC39 /* SerialAsyncVC.m in Sources */ = {isa = PBXBuildFile; fileRef = D161A7EF1ED41A1D00C9BC39 /* SerialAsyncVC.m */; };
		D161A7F31ED4261600C9BC39 /* ConcurrentSyncVC.m in Sources */ = {isa = PBXBuildFile; fileRef = D161A7F21ED4261600C9BC39 /* ConcurrentSyncVC.m */; };
		D161A7F61ED4262400C9BC39 /* ConcurrentAsyncVC.m in Sources */ = {isa = PBXBuildFile; fileRef = D161A7F51ED4262400C9BC39 /* ConcurrentAsyncVC.m */; };
		D161A7F91ED42AAA00C9BC39 /* MainSyncVC.m in Sources */ = {isa = PBXBuildFile; fileRef = D161A7F81ED42AAA00C9BC39 /* MainSyncVC.m */; };
		D161A7FC1ED42AB700C9BC39 /* MainAsyncVC.m in Sources */ = {isa = PBXBuildFile; fileRef = D161A7FB1ED42AB700C9BC39 /* MainAsyncVC.m */; };
/* End PBXBuildFile section */

/* Begin PBXFileReference section */
		D130DDF71ED56442009521BA /* MainUpdateUIVC.h */ = {isa = PBXFileReference; fileEncoding = 4; lastKnownFileType = sourcecode.c.h; path = MainUpdateUIVC.h; sourceTree = "<group>"; };
		D130DDF81ED56442009521BA /* MainUpdateUIVC.m */ = {isa = PBXFileReference; fileEncoding = 4; lastKnownFileType = sourcecode.c.objc; path = MainUpdateUIVC.m; sourceTree = "<group>"; };
		D130DDFA1ED56743009521BA /* BarrierAsyncVC.h */ = {isa = PBXFileReference; fileEncoding = 4; lastKnownFileType = sourcecode.c.h; path = BarrierAsyncVC.h; sourceTree = "<group>"; };
		D130DDFB1ED56743009521BA /* BarrierAsyncVC.m */ = {isa = PBXFileReference; fileEncoding = 4; lastKnownFileType = sourcecode.c.objc; path = BarrierAsyncVC.m; sourceTree = "<group>"; };
		D130DDFD1ED57E55009521BA /* AfterTimeVC.h */ = {isa = PBXFileReference; fileEncoding = 4; lastKnownFileType = sourcecode.c.h; path = AfterTimeVC.h; sourceTree = "<group>"; };
		D130DDFE1ED57E55009521BA /* AfterTimeVC.m */ = {isa = PBXFileReference; fileEncoding = 4; lastKnownFileType = sourcecode.c.objc; path = AfterTimeVC.m; sourceTree = "<group>"; };
		D130DE001ED5813C009521BA /* OnceVC.h */ = {isa = PBXFileReference; fileEncoding = 4; lastKnownFileType = sourcecode.c.h; path = OnceVC.h; sourceTree = "<group>"; };
		D130DE011ED5813C009521BA /* OnceVC.m */ = {isa = PBXFileReference; fileEncoding = 4; lastKnownFileType = sourcecode.c.objc; path = OnceVC.m; sourceTree = "<group>"; };
		D130DE031ED58459009521BA /* ApplyVC.h */ = {isa = PBXFileReference; fileEncoding = 4; lastKnownFileType = sourcecode.c.h; path = ApplyVC.h; sourceTree = "<group>"; };
		D130DE041ED58459009521BA /* ApplyVC.m */ = {isa = PBXFileReference; fileEncoding = 4; lastKnownFileType = sourcecode.c.objc; path = ApplyVC.m; sourceTree = "<group>"; };
		D130DE061ED593F6009521BA /* GroupVC.h */ = {isa = PBXFileReference; fileEncoding = 4; lastKnownFileType = sourcecode.c.h; path = GroupVC.h; sourceTree = "<group>"; };
		D130DE071ED593F6009521BA /* GroupVC.m */ = {isa = PBXFileReference; fileEncoding = 4; lastKnownFileType = sourcecode.c.objc; path = GroupVC.m; sourceTree = "<group>"; };
		D161A7CD1ED40CF400C9BC39 /* ZYP_GCD.app */ = {isa = PBXFileReference; explicitFileType = wrapper.application; includeInIndex = 0; path = ZYP_GCD.app; sourceTree = BUILT_PRODUCTS_DIR; };
		D161A7D11ED40CF400C9BC39 /* main.m */ = {isa = PBXFileReference; lastKnownFileType = sourcecode.c.objc; path = main.m; sourceTree = "<group>"; };
		D161A7D31ED40CF400C9BC39 /* AppDelegate.h */ = {isa = PBXFileReference; lastKnownFileType = sourcecode.c.h; path = AppDelegate.h; sourceTree = "<group>"; };
		D161A7D41ED40CF400C9BC39 /* AppDelegate.m */ = {isa = PBXFileReference; lastKnownFileType = sourcecode.c.objc; path = AppDelegate.m; sourceTree = "<group>"; };
		D161A7D61ED40CF400C9BC39 /* ViewController.h */ = {isa = PBXFileReference; lastKnownFileType = sourcecode.c.h; path = ViewController.h; sourceTree = "<group>"; };
		D161A7D71ED40CF400C9BC39 /* ViewController.m */ = {isa = PBXFileReference; lastKnownFileType = sourcecode.c.objc; path = ViewController.m; sourceTree = "<group>"; };
		D161A7DA1ED40CF400C9BC39 /* Base */ = {isa = PBXFileReference; lastKnownFileType = file.storyboard; name = Base; path = Base.lproj/Main.storyboard; sourceTree = "<group>"; };
		D161A7DC1ED40CF400C9BC39 /* Assets.xcassets */ = {isa = PBXFileReference; lastKnownFileType = folder.assetcatalog; path = Assets.xcassets; sourceTree = "<group>"; };
		D161A7DF1ED40CF400C9BC39 /* Base */ = {isa = PBXFileReference; lastKnownFileType = file.storyboard; name = Base; path = Base.lproj/LaunchScreen.storyboard; sourceTree = "<group>"; };
		D161A7E11ED40CF400C9BC39 /* Info.plist */ = {isa = PBXFileReference; lastKnownFileType = text.plist.xml; path = Info.plist; sourceTree = "<group>"; };
		D161A7E71ED4186D00C9BC39 /* BaseViewController.h */ = {isa = PBXFileReference; fileEncoding = 4; lastKnownFileType = sourcecode.c.h; path = BaseViewController.h; sourceTree = "<group>"; };
		D161A7E81ED4186D00C9BC39 /* BaseViewController.m */ = {isa = PBXFileReference; fileEncoding = 4; lastKnownFileType = sourcecode.c.objc; path = BaseViewController.m; sourceTree = "<group>"; };
		D161A7EB1ED41A0F00C9BC39 /* SerialSyncVC.h */ = {isa = PBXFileReference; fileEncoding = 4; lastKnownFileType = sourcecode.c.h; path = SerialSyncVC.h; sourceTree = "<group>"; };
		D161A7EC1ED41A0F00C9BC39 /* SerialSyncVC.m */ = {isa = PBXFileReference; fileEncoding = 4; lastKnownFileType = sourcecode.c.objc; path = SerialSyncVC.m; sourceTree = "<group>"; };
		D161A7EE1ED41A1D00C9BC39 /* SerialAsyncVC.h */ = {isa = PBXFileReference; fileEncoding = 4; lastKnownFileType = sourcecode.c.h; path = SerialAsyncVC.h; sourceTree = "<group>"; };
		D161A7EF1ED41A1D00C9BC39 /* SerialAsyncVC.m */ = {isa = PBXFileReference; fileEncoding = 4; lastKnownFileType = sourcecode.c.objc; path = SerialAsyncVC.m; sourceTree = "<group>"; };
		D161A7F11ED4261600C9BC39 /* ConcurrentSyncVC.h */ = {isa = PBXFileReference; fileEncoding = 4; lastKnownFileType = sourcecode.c.h; path = ConcurrentSyncVC.h; sourceTree = "<group>"; };
		D161A7F21ED4261600C9BC39 /* ConcurrentSyncVC.m */ = {isa = PBXFileReference; fileEncoding = 4; lastKnownFileType = sourcecode.c.objc; path = ConcurrentSyncVC.m; sourceTree = "<group>"; };
		D161A7F41ED4262400C9BC39 /* ConcurrentAsyncVC.h */ = {isa = PBXFileReference; fileEncoding = 4; lastKnownFileType = sourcecode.c.h; path = ConcurrentAsyncVC.h; sourceTree = "<group>"; };
		D161A7F51ED4262400C9BC39 /* ConcurrentAsyncVC.m */ = {isa = PBXFileReference; fileEncoding = 4; lastKnownFileType = sourcecode.c.objc; path = ConcurrentAsyncVC.m; sourceTree = "<group>"; };
		D161A7F71ED42AAA00C9BC39 /* MainSyncVC.h */ = {isa = PBXFileReference; fileEncoding = 4; lastKnownFileType = sourcecode.c.h; path = MainSyncVC.h; sourceTree = "<group>"; };
		D161A7F81ED42AAA00C9BC39 /* MainSyncVC.m */ = {isa = PBXFileReference; fileEncoding = 4; lastKnownFileType = sourcecode.c.objc; path = MainSyncVC.m; sourceTree = "<group>"; };
		D161A7FA1ED42AB700C9BC39 /* MainAsyncVC.h */ = {isa = PBXFileReference; fileEncoding = 4; lastKnownFileType = sourcecode.c.h; path = MainAsyncVC.h; sourceTree = "<group>"; };
		D161A7FB1ED42AB700C9BC39 /* MainAsyncVC.m */ = {isa = PBXFileReference; fileEncoding = 4; lastKnownFileType = sourcecode.c.objc; path = MainAsyncVC.m; sourceTree = "<group>"; };
/* End PBXFileReference section */

/* Begin PBXFrameworksBuildPhase section */
		D161A7CA1ED40CF400C9BC39 /* Frameworks */ = {
			isa = PBXFrameworksBuildPhase;
			buildActionMask = 2147483647;
			files = (
			);
			runOnlyForDeploymentPostprocessing = 0;
		};
/* End PBXFrameworksBuildPhase section */

/* Begin PBXGroup section */
		D161A7C41ED40CF400C9BC39 = {
			isa = PBXGroup;
			children = (
				D161A7CF1ED40CF400C9BC39 /* ZYP_GCD */,
				D161A7CE1ED40CF400C9BC39 /* Products */,
			);
			sourceTree = "<group>";
		};
		D161A7CE1ED40CF400C9BC39 /* Products */ = {
			isa = PBXGroup;
			children = (
				D161A7CD1ED40CF400C9BC39 /* ZYP_GCD.app */,
			);
			name = Products;
			sourceTree = "<group>";
		};
		D161A7CF1ED40CF400C9BC39 /* ZYP_GCD */ = {
			isa = PBXGroup;
			children = (
				D161A7D31ED40CF400C9BC39 /* AppDelegate.h */,
				D161A7D41ED40CF400C9BC39 /* AppDelegate.m */,
				D161A7D61ED40CF400C9BC39 /* ViewController.h */,
				D161A7D71ED40CF400C9BC39 /* ViewController.m */,
				D161A7E71ED4186D00C9BC39 /* BaseViewController.h */,
				D161A7E81ED4186D00C9BC39 /* BaseViewController.m */,
				D161A7EA1ED419F400C9BC39 /* ViewController */,
				D161A7D91ED40CF400C9BC39 /* Main.storyboard */,
				D161A7DC1ED40CF400C9BC39 /* Assets.xcassets */,
				D161A7DE1ED40CF400C9BC39 /* LaunchScreen.storyboard */,
				D161A7E11ED40CF400C9BC39 /* Info.plist */,
				D161A7D01ED40CF400C9BC39 /* Supporting Files */,
			);
			path = ZYP_GCD;
			sourceTree = "<group>";
		};
		D161A7D01ED40CF400C9BC39 /* Supporting Files */ = {
			isa = PBXGroup;
			children = (
				D161A7D11ED40CF400C9BC39 /* main.m */,
			);
			name = "Supporting Files";
			sourceTree = "<group>";
		};
		D161A7EA1ED419F400C9BC39 /* ViewController */ = {
			isa = PBXGroup;
			children = (
				D161A7EB1ED41A0F00C9BC39 /* SerialSyncVC.h */,
				D161A7EC1ED41A0F00C9BC39 /* SerialSyncVC.m */,
				D161A7EE1ED41A1D00C9BC39 /* SerialAsyncVC.h */,
				D161A7EF1ED41A1D00C9BC39 /* SerialAsyncVC.m */,
				D161A7F11ED4261600C9BC39 /* ConcurrentSyncVC.h */,
				D161A7F21ED4261600C9BC39 /* ConcurrentSyncVC.m */,
				D161A7F41ED4262400C9BC39 /* ConcurrentAsyncVC.h */,
				D161A7F51ED4262400C9BC39 /* ConcurrentAsyncVC.m */,
				D161A7F71ED42AAA00C9BC39 /* MainSyncVC.h */,
				D161A7F81ED42AAA00C9BC39 /* MainSyncVC.m */,
				D161A7FA1ED42AB700C9BC39 /* MainAsyncVC.h */,
				D161A7FB1ED42AB700C9BC39 /* MainAsyncVC.m */,
				D130DDF71ED56442009521BA /* MainUpdateUIVC.h */,
				D130DDF81ED56442009521BA /* MainUpdateUIVC.m */,
				D130DDFA1ED56743009521BA /* BarrierAsyncVC.h */,
				D130DDFB1ED56743009521BA /* BarrierAsyncVC.m */,
				D130DDFD1ED57E55009521BA /* AfterTimeVC.h */,
				D130DDFE1ED57E55009521BA /* AfterTimeVC.m */,
				D130DE001ED5813C009521BA /* OnceVC.h */,
				D130DE011ED5813C009521BA /* OnceVC.m */,
				D130DE031ED58459009521BA /* ApplyVC.h */,
				D130DE041ED58459009521BA /* ApplyVC.m */,
				D130DE061ED593F6009521BA /* GroupVC.h */,
				D130DE071ED593F6009521BA /* GroupVC.m */,
			);
			path = ViewController;
			sourceTree = "<group>";
		};
/* End PBXGroup section */

/* Begin PBXNativeTarget section */
		D161A7CC1ED40CF400C9BC39 /* ZYP_GCD */ = {
			isa = PBXNativeTarget;
			buildConfigurationList = D161A7E41ED40CF400C9BC39 /* Build configuration list for PBXNativeTarget "ZYP_GCD" */;
			buildPhases = (
				D161A7C91ED40CF400C9BC39 /* Sources */,
				D161A7CA1ED40CF400C9BC39 /* Frameworks */,
				D161A7CB1ED40CF400C9BC39 /* Resources */,
			);
			buildRules = (
			);
			dependencies = (
			);
			name = ZYP_GCD;
			productName = ZYP_GCD;
			productReference = D161A7CD1ED40CF400C9BC39 /* ZYP_GCD.app */;
			productType = "com.apple.product-type.application";
		};
/* End PBXNativeTarget section */

/* Begin PBXProject section */
		D161A7C51ED40CF400C9BC39 /* Project object */ = {
			isa = PBXProject;
			attributes = {
				LastUpgradeCheck = 0820;
				ORGANIZATIONNAME = zhaoyunpeng;
				TargetAttributes = {
					D161A7CC1ED40CF400C9BC39 = {
						CreatedOnToolsVersion = 8.2.1;
						ProvisioningStyle = Manual;
					};
				};
			};
			buildConfigurationList = D161A7C81ED40CF400C9BC39 /* Build configuration list for PBXProject "ZYP_GCD" */;
			compatibilityVersion = "Xcode 3.2";
			developmentRegion = English;
			hasScannedForEncodings = 0;
			knownRegions = (
				en,
				Base,
			);
			mainGroup = D161A7C41ED40CF400C9BC39;
			productRefGroup = D161A7CE1ED40CF400C9BC39 /* Products */;
			projectDirPath = "";
			projectRoot = "";
			targets = (
				D161A7CC1ED40CF400C9BC39 /* ZYP_GCD */,
			);
		};
/* End PBXProject section */

/* Begin PBXResourcesBuildPhase section */
		D161A7CB1ED40CF400C9BC39 /* Resources */ = {
			isa = PBXResourcesBuildPhase;
			buildActionMask = 2147483647;
			files = (
				D161A7E01ED40CF400C9BC39 /* LaunchScreen.storyboard in Resources */,
				D161A7DD1ED40CF400C9BC39 /* Assets.xcassets in Resources */,
				D161A7DB1ED40CF400C9BC39 /* Main.storyboard in Resources */,
			);
			runOnlyForDeploymentPostprocessing = 0;
		};
/* End PBXResourcesBuildPhase section */

/* Begin PBXSourcesBuildPhase section */
		D161A7C91ED40CF400C9BC39 /* Sources */ = {
			isa = PBXSourcesBuildPhase;
			buildActionMask = 2147483647;
			files = (
				D161A7F61ED4262400C9BC39 /* ConcurrentAsyncVC.m in Sources */,
				D161A7D81ED40CF400C9BC39 /* ViewController.m in Sources */,
				D161A7FC1ED42AB700C9BC39 /* MainAsyncVC.m in Sources */,
				D161A7F01ED41A1D00C9BC39 /* SerialAsyncVC.m in Sources */,
				D161A7E91ED4186D00C9BC39 /* BaseViewController.m in Sources */,
				D130DDFC1ED56743009521BA /* BarrierAsyncVC.m in Sources */,
				D130DE051ED58459009521BA /* ApplyVC.m in Sources */,
				D130DDF91ED56442009521BA /* MainUpdateUIVC.m in Sources */,
				D161A7D51ED40CF400C9BC39 /* AppDelegate.m in Sources */,
				D161A7F31ED4261600C9BC39 /* ConcurrentSyncVC.m in Sources */,
				D130DE081ED593F6009521BA /* GroupVC.m in Sources */,
				D161A7F91ED42AAA00C9BC39 /* MainSyncVC.m in Sources */,
				D130DDFF1ED57E55009521BA /* AfterTimeVC.m in Sources */,
				D130DE021ED5813C009521BA /* OnceVC.m in Sources */,
				D161A7ED1ED41A0F00C9BC39 /* SerialSyncVC.m in Sources */,
				D161A7D21ED40CF400C9BC39 /* main.m in Sources */,
			);
			runOnlyForDeploymentPostprocessing = 0;
		};
/* End PBXSourcesBuildPhase section */

/* Begin PBXVariantGroup section */
		D161A7D91ED40CF400C9BC39 /* Main.storyboard */ = {
			isa = PBXVariantGroup;
			children = (
				D161A7DA1ED40CF400C9BC39 /* Base */,
			);
			name = Main.storyboard;
			sourceTree = "<group>";
		};
		D161A7DE1ED40CF400C9BC39 /* LaunchScreen.storyboard */ = {
			isa = PBXVariantGroup;
			children = (
				D161A7DF1ED40CF400C9BC39 /* Base */,
			);
			name = LaunchScreen.storyboard;
			sourceTree = "<group>";
		};
/* End PBXVariantGroup section */

/* Begin XCBuildConfiguration section */
		D161A7E21ED40CF400C9BC39 /* Debug */ = {
			isa = XCBuildConfiguration;
			buildSettings = {
				ALWAYS_SEARCH_USER_PATHS = NO;
				CLANG_ANALYZER_NONNULL = YES;
				CLANG_CXX_LANGUAGE_STANDARD = "gnu++0x";
				CLANG_CXX_LIBRARY = "libc++";
				CLANG_ENABLE_MODULES = YES;
				CLANG_ENABLE_OBJC_ARC = YES;
				CLANG_WARN_BOOL_CONVERSION = YES;
				CLANG_WARN_CONSTANT_CONVERSION = YES;
				CLANG_WARN_DIRECT_OBJC_ISA_USAGE = YES_ERROR;
				CLANG_WARN_DOCUMENTATION_COMMENTS = YES;
				CLANG_WARN_EMPTY_BODY = YES;
				CLANG_WARN_ENUM_CONVERSION = YES;
				CLANG_WARN_INFINITE_RECURSION = YES;
				CLANG_WARN_INT_CONVERSION = YES;
				CLANG_WARN_OBJC_ROOT_CLASS = YES_ERROR;
				CLANG_WARN_SUSPICIOUS_MOVE = YES;
				CLANG_WARN_UNREACHABLE_CODE = YES;
				CLANG_WARN__DUPLICATE_METHOD_MATCH = YES;
				"CODE_SIGN_IDENTITY[sdk=iphoneos*]" = "iPhone Developer";
				COPY_PHASE_STRIP = NO;
				DEBUG_INFORMATION_FORMAT = dwarf;
				ENABLE_STRICT_OBJC_MSGSEND = YES;
				ENABLE_TESTABILITY = YES;
				GCC_C_LANGUAGE_STANDARD = gnu99;
				GCC_DYNAMIC_NO_PIC = NO;
				GCC_NO_COMMON_BLOCKS = YES;
				GCC_OPTIMIZATION_LEVEL = 0;
				GCC_PREPROCESSOR_DEFINITIONS = (
					"DEBUG=1",
					"$(inherited)",
				);
				GCC_WARN_64_TO_32_BIT_CONVERSION = YES;
				GCC_WARN_ABOUT_RETURN_TYPE = YES_ERROR;
				GCC_WARN_UNDECLARED_SELECTOR = YES;
				GCC_WARN_UNINITIALIZED_AUTOS = YES_AGGRESSIVE;
				GCC_WARN_UNUSED_FUNCTION = YES;
				GCC_WARN_UNUSED_VARIABLE = YES;
				IPHONEOS_DEPLOYMENT_TARGET = 10.2;
				MTL_ENABLE_DEBUG_INFO = YES;
				ONLY_ACTIVE_ARCH = YES;
				SDKROOT = iphoneos;
			};
			name = Debug;
		};
		D161A7E31ED40CF400C9BC39 /* Release */ = {
			isa = XCBuildConfiguration;
			buildSettings = {
				ALWAYS_SEARCH_USER_PATHS = NO;
				CLANG_ANALYZER_NONNULL = YES;
				CLANG_CXX_LANGUAGE_STANDARD = "gnu++0x";
				CLANG_CXX_LIBRARY = "libc++";
				CLANG_ENABLE_MODULES = YES;
				CLANG_ENABLE_OBJC_ARC = YES;
				CLANG_WARN_BOOL_CONVERSION = YES;
				CLANG_WARN_CONSTANT_CONVERSION = YES;
				CLANG_WARN_DIRECT_OBJC_ISA_USAGE = YES_ERROR;
				CLANG_WARN_DOCUMENTATION_COMMENTS = YES;
				CLANG_WARN_EMPTY_BODY = YES;
				CLANG_WARN_ENUM_CONVERSION = YES;
				CLANG_WARN_INFINITE_RECURSION = YES;
				CLANG_WARN_INT_CONVERSION = YES;
				CLANG_WARN_OBJC_ROOT_CLASS = YES_ERROR;
				CLANG_WARN_SUSPICIOUS_MOVE = YES;
				CLANG_WARN_UNREACHABLE_CODE = YES;
				CLANG_WARN__DUPLICATE_METHOD_MATCH = YES;
				"CODE_SIGN_IDENTITY[sdk=iphoneos*]" = "iPhone Developer";
				COPY_PHASE_STRIP = NO;
				DEBUG_INFORMATION_FORMAT = "dwarf-with-dsym";
				ENABLE_NS_ASSERTIONS = NO;
				ENABLE_STRICT_OBJC_MSGSEND = YES;
				GCC_C_LANGUAGE_STANDARD = gnu99;
				GCC_NO_COMMON_BLOCKS = YES;
				GCC_WARN_64_TO_32_BIT_CONVERSION = YES;
				GCC_WARN_ABOUT_RETURN_TYPE = YES_ERROR;
				GCC_WARN_UNDECLARED_SELECTOR = YES;
				GCC_WARN_UNINITIALIZED_AUTOS = YES_AGGRESSIVE;
				GCC_WARN_UNUSED_FUNCTION = YES;
				GCC_WARN_UNUSED_VARIABLE = YES;
				IPHONEOS_DEPLOYMENT_TARGET = 10.2;
				MTL_ENABLE_DEBUG_INFO = NO;
				SDKROOT = iphoneos;
				VALIDATE_PRODUCT = YES;
			};
			name = Release;
		};
		D161A7E51ED40CF400C9BC39 /* Debug */ = {
			isa = XCBuildConfiguration;
			buildSettings = {
				ASSETCATALOG_COMPILER_APPICON_NAME = AppIcon;
				DEVELOPMENT_TEAM = "";
				INFOPLIST_FILE = ZYP_GCD/Info.plist;
				LD_RUNPATH_SEARCH_PATHS = "$(inherited) @executable_path/Frameworks";
				PRODUCT_BUNDLE_IDENTIFIER = "zhaoyunpeng.ZYP-GCD";
				PRODUCT_NAME = "$(TARGET_NAME)";
			};
			name = Debug;
		};
		D161A7E61ED40CF400C9BC39 /* Release */ = {
			isa = XCBuildConfiguration;
			buildSettings = {
				ASSETCATALOG_COMPILER_APPICON_NAME = AppIcon;
				DEVELOPMENT_TEAM = "";
				INFOPLIST_FILE = ZYP_GCD/Info.plist;
				LD_RUNPATH_SEARCH_PATHS = "$(inherited) @executable_path/Frameworks";
				PRODUCT_BUNDLE_IDENTIFIER = "zhaoyunpeng.ZYP-GCD";
				PRODUCT_NAME = "$(TARGET_NAME)";
			};
			name = Release;
		};
/* End XCBuildConfiguration section */

/* Begin XCConfigurationList section */
		D161A7C81ED40CF400C9BC39 /* Build configuration list for PBXProject "ZYP_GCD" */ = {
			isa = XCConfigurationList;
			buildConfigurations = (
				D161A7E21ED40CF400C9BC39 /* Debug */,
				D161A7E31ED40CF400C9BC39 /* Release */,
			);
			defaultConfigurationIsVisible = 0;
			defaultConfigurationName = Release;
		};
		D161A7E41ED40CF400C9BC39 /* Build configuration list for PBXNativeTarget "ZYP_GCD" */ = {
			isa = XCConfigurationList;
			buildConfigurations = (
				D161A7E51ED40CF400C9BC39 /* Debug */,
				D161A7E61ED40CF400C9BC39 /* Release */,
			);
			defaultConfigurationIsVisible = 0;
			defaultConfigurationName = Release;
		};
/* End XCConfigurationList section */
	};
	rootObject = D161A7C51ED40CF400C9BC39 /* Project object */;
}
